
Microsoft Visual Studio Solution File, Format Version 12.00
# Visual Studio Version 16
VisualStudioVersion = 16.0.30128.74
MinimumVisualStudioVersion = 10.0.40219.1
Project("{FAE04EC0-301F-11D3-BF4B-00C04F79EFBC}") = "prueba4-HG", "prueba4-HG\prueba4-HG.csproj", "{B4222AEE-D108-4096-BC35-496345CDBDFC}"
EndProject
Global
	GlobalSection(SolutionConfigurationPlatforms) = preSolution
		Debug|Any CPU = Debug|Any CPU
		Release|Any CPU = Release|Any CPU
	EndGlobalSection
	GlobalSection(ProjectConfigurationPlatforms) = postSolution
		{B4222AEE-D108-4096-BC35-496345CDBDFC}.Debug|Any CPU.ActiveCfg = Debug|Any CPU
		{B4222AEE-D108-4096-BC35-496345CDBDFC}.Debug|Any CPU.Build.0 = Debug|Any CPU
		{B4222AEE-D108-4096-BC35-496345CDBDFC}.Release|Any CPU.ActiveCfg = Release|Any CPU
		{B4222AEE-D108-4096-BC35-496345CDBDFC}.Release|Any CPU.Build.0 = Release|Any CPU
	EndGlobalSection
	GlobalSection(SolutionProperties) = preSolution
		HideSolutionNode = FALSE
	EndGlobalSection
	GlobalSection(ExtensibilityGlobals) = postSolution
		SolutionGuid = {F908943D-2C94-4155-AC9B-54405D636AFB}
	EndGlobalSection
EndGlobal
